
Microsoft Visual Studio Solution File, Format Version 11.00
# Visual Studio 2010
Project("{FAE04EC0-301F-11D3-BF4B-00C04F79EFBC}") = "Busycator", "Busycator\Busycator.csproj", "{6653FC49-93EE-44FA-9175-C446010C2E3F}"
EndProject
Project("{FAE04EC0-301F-11D3-BF4B-00C04F79EFBC}") = "GameCore", "GameCore\GameCore.csproj", "{7ED7D31C-AD6B-4DF5-8756-4CA130D451C2}"
EndProject
Project("{FAE04EC0-301F-11D3-BF4B-00C04F79EFBC}") = "GameUi", "GameUi\GameUi.csproj", "{1CC48A01-EBE0-4C46-890E-24465EEBBC7D}"
EndProject
Project("{FAE04EC0-301F-11D3-BF4B-00C04F79EFBC}") = "OpenTKUi", "OpenTKUi\OpenTKUi.csproj", "{BCAD98EB-0C52-4186-B8B0-92AB47947796}"
EndProject
Project("{FAE04EC0-301F-11D3-BF4B-00C04F79EFBC}") = "QuickFont", "QuickFont\QuickFont.csproj", "{BBECE6FC-EF63-40F8-A734-A500D1DFC1AF}"
EndProject
Project("{FAE04EC0-301F-11D3-BF4B-00C04F79EFBC}") = "ResourceEditor", "ResourceEditor\ResourceEditor.csproj", "{B0337238-313F-4582-8E78-F4205BDFD1C7}"
EndProject
Project("{FAE04EC0-301F-11D3-BF4B-00C04F79EFBC}") = "UnsafeUtils", "UnsafeUtils\UnsafeUtils.csproj", "{8DA672AD-628D-45BC-A1FB-5AD9541397A1}"
EndProject
Project("{FAE04EC0-301F-11D3-BF4B-00C04F79EFBC}") = "RusLanguage", "RusLanguage\RusLanguage.csproj", "{CAAC76E7-0DC3-4D27-ACC5-2FEBEC5CCB9D}"
EndProject
Project("{FAE04EC0-301F-11D3-BF4B-00C04F79EFBC}") = "ConsoleTests", "ConsoleTests\ConsoleTests.csproj", "{EA2827C0-47DA-479D-BF2F-3EE8C2103537}"
EndProject
Global
	GlobalSection(SolutionConfigurationPlatforms) = preSolution
		Debug|Any CPU = Debug|Any CPU
		Debug|Mixed Platforms = Debug|Mixed Platforms
		Debug|x86 = Debug|x86
		Release|Any CPU = Release|Any CPU
		Release|Mixed Platforms = Release|Mixed Platforms
		Release|x86 = Release|x86
	EndGlobalSection
	GlobalSection(ProjectConfigurationPlatforms) = postSolution
		{6653FC49-93EE-44FA-9175-C446010C2E3F}.Debug|Any CPU.ActiveCfg = Debug|x86
		{6653FC49-93EE-44FA-9175-C446010C2E3F}.Debug|Any CPU.Build.0 = Debug|x86
		{6653FC49-93EE-44FA-9175-C446010C2E3F}.Debug|Mixed Platforms.ActiveCfg = Debug|x86
		{6653FC49-93EE-44FA-9175-C446010C2E3F}.Debug|Mixed Platforms.Build.0 = Debug|x86
		{6653FC49-93EE-44FA-9175-C446010C2E3F}.Debug|x86.ActiveCfg = Debug|x86
		{6653FC49-93EE-44FA-9175-C446010C2E3F}.Debug|x86.Build.0 = Debug|x86
		{6653FC49-93EE-44FA-9175-C446010C2E3F}.Release|Any CPU.ActiveCfg = Release|x86
		{6653FC49-93EE-44FA-9175-C446010C2E3F}.Release|Any CPU.Build.0 = Release|x86
		{6653FC49-93EE-44FA-9175-C446010C2E3F}.Release|Mixed Platforms.ActiveCfg = Release|x86
		{6653FC49-93EE-44FA-9175-C446010C2E3F}.Release|Mixed Platforms.Build.0 = Release|x86
		{6653FC49-93EE-44FA-9175-C446010C2E3F}.Release|x86.ActiveCfg = Release|x86
		{6653FC49-93EE-44FA-9175-C446010C2E3F}.Release|x86.Build.0 = Release|x86
		{7ED7D31C-AD6B-4DF5-8756-4CA130D451C2}.Debug|Any CPU.ActiveCfg = Debug|Any CPU
		{7ED7D31C-AD6B-4DF5-8756-4CA130D451C2}.Debug|Any CPU.Build.0 = Debug|Any CPU
		{7ED7D31C-AD6B-4DF5-8756-4CA130D451C2}.Debug|Mixed Platforms.ActiveCfg = Debug|Any CPU
		{7ED7D31C-AD6B-4DF5-8756-4CA130D451C2}.Debug|Mixed Platforms.Build.0 = Debug|Any CPU
		{7ED7D31C-AD6B-4DF5-8756-4CA130D451C2}.Debug|x86.ActiveCfg = Debug|Any CPU
		{7ED7D31C-AD6B-4DF5-8756-4CA130D451C2}.Release|Any CPU.ActiveCfg = Release|Any CPU
		{7ED7D31C-AD6B-4DF5-8756-4CA130D451C2}.Release|Any CPU.Build.0 = Release|Any CPU
		{7ED7D31C-AD6B-4DF5-8756-4CA130D451C2}.Release|Mixed Platforms.ActiveCfg = Release|Any CPU
		{7ED7D31C-AD6B-4DF5-8756-4CA130D451C2}.Release|Mixed Platforms.Build.0 = Release|Any CPU
		{7ED7D31C-AD6B-4DF5-8756-4CA130D451C2}.Release|x86.ActiveCfg = Release|Any CPU
		{1CC48A01-EBE0-4C46-890E-24465EEBBC7D}.Debug|Any CPU.ActiveCfg = Debug|Any CPU
		{1CC48A01-EBE0-4C46-890E-24465EEBBC7D}.Debug|Any CPU.Build.0 = Debug|Any CPU
		{1CC48A01-EBE0-4C46-890E-24465EEBBC7D}.Debug|Mixed Platforms.ActiveCfg = Debug|Any CPU
		{1CC48A01-EBE0-4C46-890E-24465EEBBC7D}.Debug|Mixed Platforms.Build.0 = Debug|Any CPU
		{1CC48A01-EBE0-4C46-890E-24465EEBBC7D}.Debug|x86.ActiveCfg = Debug|Any CPU
		{1CC48A01-EBE0-4C46-890E-24465EEBBC7D}.Release|Any CPU.ActiveCfg = Release|Any CPU
		{1CC48A01-EBE0-4C46-890E-24465EEBBC7D}.Release|Any CPU.Build.0 = Release|Any CPU
		{1CC48A01-EBE0-4C46-890E-24465EEBBC7D}.Release|Mixed Platforms.ActiveCfg = Release|Any CPU
		{1CC48A01-EBE0-4C46-890E-24465EEBBC7D}.Release|Mixed Platforms.Build.0 = Release|Any CPU
		{1CC48A01-EBE0-4C46-890E-24465EEBBC7D}.Release|x86.ActiveCfg = Release|Any CPU
		{BCAD98EB-0C52-4186-B8B0-92AB47947796}.Debug|Any CPU.ActiveCfg = Debug|Any CPU
		{BCAD98EB-0C52-4186-B8B0-92AB47947796}.Debug|Any CPU.Build.0 = Debug|Any CPU
		{BCAD98EB-0C52-4186-B8B0-92AB47947796}.Debug|Mixed Platforms.ActiveCfg = Debug|Any CPU
		{BCAD98EB-0C52-4186-B8B0-92AB47947796}.Debug|Mixed Platforms.Build.0 = Debug|Any CPU
		{BCAD98EB-0C52-4186-B8B0-92AB47947796}.Debug|x86.ActiveCfg = Debug|Any CPU
		{BCAD98EB-0C52-4186-B8B0-92AB47947796}.Release|Any CPU.ActiveCfg = Release|Any CPU
		{BCAD98EB-0C52-4186-B8B0-92AB47947796}.Release|Any CPU.Build.0 = Release|Any CPU
		{BCAD98EB-0C52-4186-B8B0-92AB47947796}.Release|Mixed Platforms.ActiveCfg = Release|Any CPU
		{BCAD98EB-0C52-4186-B8B0-92AB47947796}.Release|Mixed Platforms.Build.0 = Release|Any CPU
		{BCAD98EB-0C52-4186-B8B0-92AB47947796}.Release|x86.ActiveCfg = Release|Any CPU
		{BBECE6FC-EF63-40F8-A734-A500D1DFC1AF}.Debug|Any CPU.ActiveCfg = Debug|Any CPU
		{BBECE6FC-EF63-40F8-A734-A500D1DFC1AF}.Debug|Any CPU.Build.0 = Debug|Any CPU
		{BBECE6FC-EF63-40F8-A734-A500D1DFC1AF}.Debug|Mixed Platforms.ActiveCfg = Debug|Any CPU
		{BBECE6FC-EF63-40F8-A734-A500D1DFC1AF}.Debug|Mixed Platforms.Build.0 = Debug|Any CPU
		{BBECE6FC-EF63-40F8-A734-A500D1DFC1AF}.Debug|x86.ActiveCfg = Debug|Any CPU
		{BBECE6FC-EF63-40F8-A734-A500D1DFC1AF}.Release|Any CPU.ActiveCfg = Release|Any CPU
		{BBECE6FC-EF63-40F8-A734-A500D1DFC1AF}.Release|Any CPU.Build.0 = Release|Any CPU
		{BBECE6FC-EF63-40F8-A734-A500D1DFC1AF}.Release|Mixed Platforms.ActiveCfg = Release|Any CPU
		{BBECE6FC-EF63-40F8-A734-A500D1DFC1AF}.Release|Mixed Platforms.Build.0 = Release|Any CPU
		{BBECE6FC-EF63-40F8-A734-A500D1DFC1AF}.Release|x86.ActiveCfg = Release|Any CPU
		{B0337238-313F-4582-8E78-F4205BDFD1C7}.Debug|Any CPU.ActiveCfg = Debug|x86
		{B0337238-313F-4582-8E78-F4205BDFD1C7}.Debug|Any CPU.Build.0 = Debug|x86
		{B0337238-313F-4582-8E78-F4205BDFD1C7}.Debug|Mixed Platforms.ActiveCfg = Debug|x86
		{B0337238-313F-4582-8E78-F4205BDFD1C7}.Debug|Mixed Platforms.Build.0 = Debug|x86
		{B0337238-313F-4582-8E78-F4205BDFD1C7}.Debug|x86.ActiveCfg = Debug|x86
		{B0337238-313F-4582-8E78-F4205BDFD1C7}.Debug|x86.Build.0 = Debug|x86
		{B0337238-313F-4582-8E78-F4205BDFD1C7}.Release|Any CPU.ActiveCfg = Release|x86
		{B0337238-313F-4582-8E78-F4205BDFD1C7}.Release|Any CPU.Build.0 = Release|x86
		{B0337238-313F-4582-8E78-F4205BDFD1C7}.Release|Mixed Platforms.ActiveCfg = Release|x86
		{B0337238-313F-4582-8E78-F4205BDFD1C7}.Release|Mixed Platforms.Build.0 = Release|x86
		{B0337238-313F-4582-8E78-F4205BDFD1C7}.Release|x86.ActiveCfg = Release|x86
		{B0337238-313F-4582-8E78-F4205BDFD1C7}.Release|x86.Build.0 = Release|x86
		{8DA672AD-628D-45BC-A1FB-5AD9541397A1}.Debug|Any CPU.ActiveCfg = Debug|x86
		{8DA672AD-628D-45BC-A1FB-5AD9541397A1}.Debug|Any CPU.Build.0 = Debug|x86
		{8DA672AD-628D-45BC-A1FB-5AD9541397A1}.Debug|Mixed Platforms.ActiveCfg = Debug|x86
		{8DA672AD-628D-45BC-A1FB-5AD9541397A1}.Debug|Mixed Platforms.Build.0 = Debug|x86
		{8DA672AD-628D-45BC-A1FB-5AD9541397A1}.Debug|x86.ActiveCfg = Debug|x86
		{8DA672AD-628D-45BC-A1FB-5AD9541397A1}.Debug|x86.Build.0 = Debug|x86
		{8DA672AD-628D-45BC-A1FB-5AD9541397A1}.Release|Any CPU.ActiveCfg = Release|x86
		{8DA672AD-628D-45BC-A1FB-5AD9541397A1}.Release|Mixed Platforms.ActiveCfg = Release|x86
		{8DA672AD-628D-45BC-A1FB-5AD9541397A1}.Release|Mixed Platforms.Build.0 = Release|x86
		{8DA672AD-628D-45BC-A1FB-5AD9541397A1}.Release|x86.ActiveCfg = Release|x86
		{8DA672AD-628D-45BC-A1FB-5AD9541397A1}.Release|x86.Build.0 = Release|x86
		{CAAC76E7-0DC3-4D27-ACC5-2FEBEC5CCB9D}.Debug|Any CPU.ActiveCfg = Debug|Any CPU
		{CAAC76E7-0DC3-4D27-ACC5-2FEBEC5CCB9D}.Debug|Any CPU.Build.0 = Debug|Any CPU
		{CAAC76E7-0DC3-4D27-ACC5-2FEBEC5CCB9D}.Debug|Mixed Platforms.ActiveCfg = Debug|Any CPU
		{CAAC76E7-0DC3-4D27-ACC5-2FEBEC5CCB9D}.Debug|Mixed Platforms.Build.0 = Debug|Any CPU
		{CAAC76E7-0DC3-4D27-ACC5-2FEBEC5CCB9D}.Debug|x86.ActiveCfg = Debug|Any CPU
		{CAAC76E7-0DC3-4D27-ACC5-2FEBEC5CCB9D}.Release|Any CPU.ActiveCfg = Release|Any CPU
		{CAAC76E7-0DC3-4D27-ACC5-2FEBEC5CCB9D}.Release|Any CPU.Build.0 = Release|Any CPU
		{CAAC76E7-0DC3-4D27-ACC5-2FEBEC5CCB9D}.Release|Mixed Platforms.ActiveCfg = Release|Any CPU
		{CAAC76E7-0DC3-4D27-ACC5-2FEBEC5CCB9D}.Release|Mixed Platforms.Build.0 = Release|Any CPU
		{CAAC76E7-0DC3-4D27-ACC5-2FEBEC5CCB9D}.Release|x86.ActiveCfg = Release|Any CPU
		{EA2827C0-47DA-479D-BF2F-3EE8C2103537}.Debug|Any CPU.ActiveCfg = Debug|x86
		{EA2827C0-47DA-479D-BF2F-3EE8C2103537}.Debug|Any CPU.Build.0 = Debug|x86
		{EA2827C0-47DA-479D-BF2F-3EE8C2103537}.Debug|Mixed Platforms.ActiveCfg = Debug|x86
		{EA2827C0-47DA-479D-BF2F-3EE8C2103537}.Debug|Mixed Platforms.Build.0 = Debug|x86
		{EA2827C0-47DA-479D-BF2F-3EE8C2103537}.Debug|x86.ActiveCfg = Debug|x86
		{EA2827C0-47DA-479D-BF2F-3EE8C2103537}.Debug|x86.Build.0 = Debug|x86
		{EA2827C0-47DA-479D-BF2F-3EE8C2103537}.Release|Any CPU.ActiveCfg = Release|x86
		{EA2827C0-47DA-479D-BF2F-3EE8C2103537}.Release|Mixed Platforms.ActiveCfg = Release|x86
		{EA2827C0-47DA-479D-BF2F-3EE8C2103537}.Release|Mixed Platforms.Build.0 = Release|x86
		{EA2827C0-47DA-479D-BF2F-3EE8C2103537}.Release|x86.ActiveCfg = Release|x86
		{EA2827C0-47DA-479D-BF2F-3EE8C2103537}.Release|x86.Build.0 = Release|x86
	EndGlobalSection
	GlobalSection(SolutionProperties) = preSolution
		HideSolutionNode = FALSE
	EndGlobalSection
EndGlobal
