
Microsoft Visual Studio Solution File, Format Version 12.00
# Visual Studio 2012
Project("{FAE04EC0-301F-11D3-BF4B-00C04F79EFBC}") = "UnsafeUtils", "UnsafeUtils\UnsafeUtils.csproj", "{8DA672AD-628D-45BC-A1FB-5AD9541397A1}"
EndProject
Project("{FAE04EC0-301F-11D3-BF4B-00C04F79EFBC}") = "ResourceWizard", "ResourceWizard\ResourceWizard.csproj", "{5BF30CF7-BEBD-468F-9957-501FC5FE8BD8}"
EndProject
Project("{FAE04EC0-301F-11D3-BF4B-00C04F79EFBC}") = "QuickFont", "QuickFont\QuickFont.csproj", "{BBECE6FC-EF63-40F8-A734-A500D1DFC1AF}"
EndProject
Project("{FAE04EC0-301F-11D3-BF4B-00C04F79EFBC}") = "OpenTKUi", "OpenTKUi\OpenTKUi.csproj", "{BCAD98EB-0C52-4186-B8B0-92AB47947796}"
EndProject
Project("{FAE04EC0-301F-11D3-BF4B-00C04F79EFBC}") = "GameUi", "GameUi\GameUi.csproj", "{1CC48A01-EBE0-4C46-890E-24465EEBBC7D}"
EndProject
Project("{FAE04EC0-301F-11D3-BF4B-00C04F79EFBC}") = "GameCore", "GameCore\GameCore.csproj", "{7ED7D31C-AD6B-4DF5-8756-4CA130D451C2}"
EndProject
Project("{FAE04EC0-301F-11D3-BF4B-00C04F79EFBC}") = "ClientCommonWpf", "CommonWpf\ClientCommonWpf.csproj", "{674FDA29-11EB-43E2-B1AD-47A86585A9A8}"
EndProject
Project("{FAE04EC0-301F-11D3-BF4B-00C04F79EFBC}") = "Busycator", "Busycator\Busycator.csproj", "{6653FC49-93EE-44FA-9175-C446010C2E3F}"
EndProject
Project("{FAE04EC0-301F-11D3-BF4B-00C04F79EFBC}") = "Tests", "Tests\Tests.csproj", "{24D27A79-E736-4935-8C43-EBCC195FAFD9}"
EndProject
Project("{2150E333-8FDC-42A3-9474-1A3956D46DE8}") = "Testing", "Testing", "{A7600899-6FC5-4C64-AB39-AA928AA31F9D}"
EndProject
Project("{2150E333-8FDC-42A3-9474-1A3956D46DE8}") = "Common", "Common", "{7FACEC52-9776-4719-A492-7E8A65C55B9E}"
EndProject
Project("{FAE04EC0-301F-11D3-BF4B-00C04F79EFBC}") = "MagicSetting", "MagickSetting\MagicSetting.csproj", "{89A625BC-7450-4C83-BD35-6057A40255FF}"
EndProject
Project("{FAE04EC0-301F-11D3-BF4B-00C04F79EFBC}") = "RusLanguagePack", "LanguagePack\RusLanguagePack.csproj", "{5F7A0E59-CC3B-498E-A61C-877B2AC31601}"
EndProject
Project("{FAE04EC0-301F-11D3-BF4B-00C04F79EFBC}") = "Community.CsharpSqlite", "Community.CsharpSqlite\Community.CsharpSqlite.csproj", "{F1653F20-D47D-4F29-8C55-3C835542AF5F}"
EndProject
Project("{FAE04EC0-301F-11D3-BF4B-00C04F79EFBC}") = "Community.CsharpSqlite.SQLiteClient", "Community.CsharpSqlite.SQLiteClient\Community.CsharpSqlite.SQLiteClient.csproj", "{7BC68E61-C64C-488C-975F-1E2248383B80}"
EndProject
Project("{FAE04EC0-301F-11D3-BF4B-00C04F79EFBC}") = "XTransport", "..\x-transport\XTransport\XTransport.csproj", "{171F736D-E4BB-438A-9D56-6F8E238814C0}"
EndProject
Global
	GlobalSection(SolutionConfigurationPlatforms) = preSolution
		Debug|Any CPU = Debug|Any CPU
		Debug|Mixed Platforms = Debug|Mixed Platforms
		Debug|x86 = Debug|x86
		Release|Any CPU = Release|Any CPU
		Release|Mixed Platforms = Release|Mixed Platforms
		Release|x86 = Release|x86
	EndGlobalSection
	GlobalSection(ProjectConfigurationPlatforms) = postSolution
		{8DA672AD-628D-45BC-A1FB-5AD9541397A1}.Debug|Any CPU.ActiveCfg = Debug|Any CPU
		{8DA672AD-628D-45BC-A1FB-5AD9541397A1}.Debug|Any CPU.Build.0 = Debug|Any CPU
		{8DA672AD-628D-45BC-A1FB-5AD9541397A1}.Debug|Mixed Platforms.ActiveCfg = Debug|Any CPU
		{8DA672AD-628D-45BC-A1FB-5AD9541397A1}.Debug|Mixed Platforms.Build.0 = Debug|Any CPU
		{8DA672AD-628D-45BC-A1FB-5AD9541397A1}.Debug|x86.ActiveCfg = Debug|Any CPU
		{8DA672AD-628D-45BC-A1FB-5AD9541397A1}.Release|Any CPU.ActiveCfg = Release|Any CPU
		{8DA672AD-628D-45BC-A1FB-5AD9541397A1}.Release|Any CPU.Build.0 = Release|Any CPU
		{8DA672AD-628D-45BC-A1FB-5AD9541397A1}.Release|Mixed Platforms.ActiveCfg = Release|Any CPU
		{8DA672AD-628D-45BC-A1FB-5AD9541397A1}.Release|Mixed Platforms.Build.0 = Release|Any CPU
		{8DA672AD-628D-45BC-A1FB-5AD9541397A1}.Release|x86.ActiveCfg = Release|Any CPU
		{5BF30CF7-BEBD-468F-9957-501FC5FE8BD8}.Debug|Any CPU.ActiveCfg = Debug|Any CPU
		{5BF30CF7-BEBD-468F-9957-501FC5FE8BD8}.Debug|Any CPU.Build.0 = Debug|Any CPU
		{5BF30CF7-BEBD-468F-9957-501FC5FE8BD8}.Debug|Mixed Platforms.ActiveCfg = Debug|Any CPU
		{5BF30CF7-BEBD-468F-9957-501FC5FE8BD8}.Debug|Mixed Platforms.Build.0 = Debug|Any CPU
		{5BF30CF7-BEBD-468F-9957-501FC5FE8BD8}.Debug|x86.ActiveCfg = Debug|Any CPU
		{5BF30CF7-BEBD-468F-9957-501FC5FE8BD8}.Release|Any CPU.ActiveCfg = Release|Any CPU
		{5BF30CF7-BEBD-468F-9957-501FC5FE8BD8}.Release|Any CPU.Build.0 = Release|Any CPU
		{5BF30CF7-BEBD-468F-9957-501FC5FE8BD8}.Release|Mixed Platforms.ActiveCfg = Release|Any CPU
		{5BF30CF7-BEBD-468F-9957-501FC5FE8BD8}.Release|Mixed Platforms.Build.0 = Release|Any CPU
		{5BF30CF7-BEBD-468F-9957-501FC5FE8BD8}.Release|x86.ActiveCfg = Release|Any CPU
		{BBECE6FC-EF63-40F8-A734-A500D1DFC1AF}.Debug|Any CPU.ActiveCfg = Debug|Any CPU
		{BBECE6FC-EF63-40F8-A734-A500D1DFC1AF}.Debug|Any CPU.Build.0 = Debug|Any CPU
		{BBECE6FC-EF63-40F8-A734-A500D1DFC1AF}.Debug|Mixed Platforms.ActiveCfg = Debug|Any CPU
		{BBECE6FC-EF63-40F8-A734-A500D1DFC1AF}.Debug|Mixed Platforms.Build.0 = Debug|Any CPU
		{BBECE6FC-EF63-40F8-A734-A500D1DFC1AF}.Debug|x86.ActiveCfg = Debug|Any CPU
		{BBECE6FC-EF63-40F8-A734-A500D1DFC1AF}.Release|Any CPU.ActiveCfg = Release|Any CPU
		{BBECE6FC-EF63-40F8-A734-A500D1DFC1AF}.Release|Any CPU.Build.0 = Release|Any CPU
		{BBECE6FC-EF63-40F8-A734-A500D1DFC1AF}.Release|Mixed Platforms.ActiveCfg = Release|Any CPU
		{BBECE6FC-EF63-40F8-A734-A500D1DFC1AF}.Release|Mixed Platforms.Build.0 = Release|Any CPU
		{BBECE6FC-EF63-40F8-A734-A500D1DFC1AF}.Release|x86.ActiveCfg = Release|Any CPU
		{BCAD98EB-0C52-4186-B8B0-92AB47947796}.Debug|Any CPU.ActiveCfg = Debug|Any CPU
		{BCAD98EB-0C52-4186-B8B0-92AB47947796}.Debug|Any CPU.Build.0 = Debug|Any CPU
		{BCAD98EB-0C52-4186-B8B0-92AB47947796}.Debug|Mixed Platforms.ActiveCfg = Debug|Any CPU
		{BCAD98EB-0C52-4186-B8B0-92AB47947796}.Debug|Mixed Platforms.Build.0 = Debug|Any CPU
		{BCAD98EB-0C52-4186-B8B0-92AB47947796}.Debug|x86.ActiveCfg = Debug|Any CPU
		{BCAD98EB-0C52-4186-B8B0-92AB47947796}.Release|Any CPU.ActiveCfg = Release|Any CPU
		{BCAD98EB-0C52-4186-B8B0-92AB47947796}.Release|Any CPU.Build.0 = Release|Any CPU
		{BCAD98EB-0C52-4186-B8B0-92AB47947796}.Release|Mixed Platforms.ActiveCfg = Release|Any CPU
		{BCAD98EB-0C52-4186-B8B0-92AB47947796}.Release|Mixed Platforms.Build.0 = Release|Any CPU
		{BCAD98EB-0C52-4186-B8B0-92AB47947796}.Release|x86.ActiveCfg = Release|Any CPU
		{1CC48A01-EBE0-4C46-890E-24465EEBBC7D}.Debug|Any CPU.ActiveCfg = Debug|Any CPU
		{1CC48A01-EBE0-4C46-890E-24465EEBBC7D}.Debug|Any CPU.Build.0 = Debug|Any CPU
		{1CC48A01-EBE0-4C46-890E-24465EEBBC7D}.Debug|Mixed Platforms.ActiveCfg = Debug|Any CPU
		{1CC48A01-EBE0-4C46-890E-24465EEBBC7D}.Debug|Mixed Platforms.Build.0 = Debug|Any CPU
		{1CC48A01-EBE0-4C46-890E-24465EEBBC7D}.Debug|x86.ActiveCfg = Debug|Any CPU
		{1CC48A01-EBE0-4C46-890E-24465EEBBC7D}.Release|Any CPU.ActiveCfg = Release|Any CPU
		{1CC48A01-EBE0-4C46-890E-24465EEBBC7D}.Release|Any CPU.Build.0 = Release|Any CPU
		{1CC48A01-EBE0-4C46-890E-24465EEBBC7D}.Release|Mixed Platforms.ActiveCfg = Release|Any CPU
		{1CC48A01-EBE0-4C46-890E-24465EEBBC7D}.Release|Mixed Platforms.Build.0 = Release|Any CPU
		{1CC48A01-EBE0-4C46-890E-24465EEBBC7D}.Release|x86.ActiveCfg = Release|Any CPU
		{7ED7D31C-AD6B-4DF5-8756-4CA130D451C2}.Debug|Any CPU.ActiveCfg = Debug|Any CPU
		{7ED7D31C-AD6B-4DF5-8756-4CA130D451C2}.Debug|Any CPU.Build.0 = Debug|Any CPU
		{7ED7D31C-AD6B-4DF5-8756-4CA130D451C2}.Debug|Mixed Platforms.ActiveCfg = Debug|Any CPU
		{7ED7D31C-AD6B-4DF5-8756-4CA130D451C2}.Debug|Mixed Platforms.Build.0 = Debug|Any CPU
		{7ED7D31C-AD6B-4DF5-8756-4CA130D451C2}.Debug|x86.ActiveCfg = Debug|Any CPU
		{7ED7D31C-AD6B-4DF5-8756-4CA130D451C2}.Release|Any CPU.ActiveCfg = Release|Any CPU
		{7ED7D31C-AD6B-4DF5-8756-4CA130D451C2}.Release|Any CPU.Build.0 = Release|Any CPU
		{7ED7D31C-AD6B-4DF5-8756-4CA130D451C2}.Release|Mixed Platforms.ActiveCfg = Release|Any CPU
		{7ED7D31C-AD6B-4DF5-8756-4CA130D451C2}.Release|Mixed Platforms.Build.0 = Release|Any CPU
		{7ED7D31C-AD6B-4DF5-8756-4CA130D451C2}.Release|x86.ActiveCfg = Release|Any CPU
		{674FDA29-11EB-43E2-B1AD-47A86585A9A8}.Debug|Any CPU.ActiveCfg = Debug|Any CPU
		{674FDA29-11EB-43E2-B1AD-47A86585A9A8}.Debug|Any CPU.Build.0 = Debug|Any CPU
		{674FDA29-11EB-43E2-B1AD-47A86585A9A8}.Debug|Mixed Platforms.ActiveCfg = Debug|Any CPU
		{674FDA29-11EB-43E2-B1AD-47A86585A9A8}.Debug|Mixed Platforms.Build.0 = Debug|Any CPU
		{674FDA29-11EB-43E2-B1AD-47A86585A9A8}.Debug|x86.ActiveCfg = Debug|Any CPU
		{674FDA29-11EB-43E2-B1AD-47A86585A9A8}.Release|Any CPU.ActiveCfg = Release|Any CPU
		{674FDA29-11EB-43E2-B1AD-47A86585A9A8}.Release|Any CPU.Build.0 = Release|Any CPU
		{674FDA29-11EB-43E2-B1AD-47A86585A9A8}.Release|Mixed Platforms.ActiveCfg = Release|Any CPU
		{674FDA29-11EB-43E2-B1AD-47A86585A9A8}.Release|Mixed Platforms.Build.0 = Release|Any CPU
		{674FDA29-11EB-43E2-B1AD-47A86585A9A8}.Release|x86.ActiveCfg = Release|Any CPU
		{6653FC49-93EE-44FA-9175-C446010C2E3F}.Debug|Any CPU.ActiveCfg = Debug|Any CPU
		{6653FC49-93EE-44FA-9175-C446010C2E3F}.Debug|Any CPU.Build.0 = Debug|Any CPU
		{6653FC49-93EE-44FA-9175-C446010C2E3F}.Debug|Mixed Platforms.ActiveCfg = Debug|Any CPU
		{6653FC49-93EE-44FA-9175-C446010C2E3F}.Debug|Mixed Platforms.Build.0 = Debug|Any CPU
		{6653FC49-93EE-44FA-9175-C446010C2E3F}.Debug|x86.ActiveCfg = Debug|Any CPU
		{6653FC49-93EE-44FA-9175-C446010C2E3F}.Release|Any CPU.ActiveCfg = Release|Any CPU
		{6653FC49-93EE-44FA-9175-C446010C2E3F}.Release|Any CPU.Build.0 = Release|Any CPU
		{6653FC49-93EE-44FA-9175-C446010C2E3F}.Release|Mixed Platforms.ActiveCfg = Release|Any CPU
		{6653FC49-93EE-44FA-9175-C446010C2E3F}.Release|Mixed Platforms.Build.0 = Release|Any CPU
		{6653FC49-93EE-44FA-9175-C446010C2E3F}.Release|x86.ActiveCfg = Release|Any CPU
		{24D27A79-E736-4935-8C43-EBCC195FAFD9}.Debug|Any CPU.ActiveCfg = Debug|Any CPU
		{24D27A79-E736-4935-8C43-EBCC195FAFD9}.Debug|Any CPU.Build.0 = Debug|Any CPU
		{24D27A79-E736-4935-8C43-EBCC195FAFD9}.Debug|Mixed Platforms.ActiveCfg = Debug|Any CPU
		{24D27A79-E736-4935-8C43-EBCC195FAFD9}.Debug|Mixed Platforms.Build.0 = Debug|Any CPU
		{24D27A79-E736-4935-8C43-EBCC195FAFD9}.Debug|x86.ActiveCfg = Debug|Any CPU
		{24D27A79-E736-4935-8C43-EBCC195FAFD9}.Release|Any CPU.ActiveCfg = Release|Any CPU
		{24D27A79-E736-4935-8C43-EBCC195FAFD9}.Release|Any CPU.Build.0 = Release|Any CPU
		{24D27A79-E736-4935-8C43-EBCC195FAFD9}.Release|Mixed Platforms.ActiveCfg = Release|Any CPU
		{24D27A79-E736-4935-8C43-EBCC195FAFD9}.Release|Mixed Platforms.Build.0 = Release|Any CPU
		{24D27A79-E736-4935-8C43-EBCC195FAFD9}.Release|x86.ActiveCfg = Release|Any CPU
		{89A625BC-7450-4C83-BD35-6057A40255FF}.Debug|Any CPU.ActiveCfg = Debug|Any CPU
		{89A625BC-7450-4C83-BD35-6057A40255FF}.Debug|Any CPU.Build.0 = Debug|Any CPU
		{89A625BC-7450-4C83-BD35-6057A40255FF}.Debug|Mixed Platforms.ActiveCfg = Debug|Any CPU
		{89A625BC-7450-4C83-BD35-6057A40255FF}.Debug|Mixed Platforms.Build.0 = Debug|Any CPU
		{89A625BC-7450-4C83-BD35-6057A40255FF}.Debug|x86.ActiveCfg = Debug|Any CPU
		{89A625BC-7450-4C83-BD35-6057A40255FF}.Release|Any CPU.ActiveCfg = Release|Any CPU
		{89A625BC-7450-4C83-BD35-6057A40255FF}.Release|Any CPU.Build.0 = Release|Any CPU
		{89A625BC-7450-4C83-BD35-6057A40255FF}.Release|Mixed Platforms.ActiveCfg = Release|Any CPU
		{89A625BC-7450-4C83-BD35-6057A40255FF}.Release|Mixed Platforms.Build.0 = Release|Any CPU
		{89A625BC-7450-4C83-BD35-6057A40255FF}.Release|x86.ActiveCfg = Release|Any CPU
		{5F7A0E59-CC3B-498E-A61C-877B2AC31601}.Debug|Any CPU.ActiveCfg = Debug|Any CPU
		{5F7A0E59-CC3B-498E-A61C-877B2AC31601}.Debug|Any CPU.Build.0 = Debug|Any CPU
		{5F7A0E59-CC3B-498E-A61C-877B2AC31601}.Debug|Mixed Platforms.ActiveCfg = Debug|Any CPU
		{5F7A0E59-CC3B-498E-A61C-877B2AC31601}.Debug|Mixed Platforms.Build.0 = Debug|Any CPU
		{5F7A0E59-CC3B-498E-A61C-877B2AC31601}.Debug|x86.ActiveCfg = Debug|Any CPU
		{5F7A0E59-CC3B-498E-A61C-877B2AC31601}.Release|Any CPU.ActiveCfg = Release|Any CPU
		{5F7A0E59-CC3B-498E-A61C-877B2AC31601}.Release|Any CPU.Build.0 = Release|Any CPU
		{5F7A0E59-CC3B-498E-A61C-877B2AC31601}.Release|Mixed Platforms.ActiveCfg = Release|Any CPU
		{5F7A0E59-CC3B-498E-A61C-877B2AC31601}.Release|Mixed Platforms.Build.0 = Release|Any CPU
		{5F7A0E59-CC3B-498E-A61C-877B2AC31601}.Release|x86.ActiveCfg = Release|Any CPU
		{F1653F20-D47D-4F29-8C55-3C835542AF5F}.Debug|Any CPU.ActiveCfg = Debug|x86
		{F1653F20-D47D-4F29-8C55-3C835542AF5F}.Debug|Any CPU.Build.0 = Debug|x86
		{F1653F20-D47D-4F29-8C55-3C835542AF5F}.Debug|Mixed Platforms.ActiveCfg = Debug|x86
		{F1653F20-D47D-4F29-8C55-3C835542AF5F}.Debug|Mixed Platforms.Build.0 = Debug|x86
		{F1653F20-D47D-4F29-8C55-3C835542AF5F}.Debug|x86.ActiveCfg = Debug|x86
		{F1653F20-D47D-4F29-8C55-3C835542AF5F}.Debug|x86.Build.0 = Debug|x86
		{F1653F20-D47D-4F29-8C55-3C835542AF5F}.Release|Any CPU.ActiveCfg = Release|Any CPU
		{F1653F20-D47D-4F29-8C55-3C835542AF5F}.Release|Any CPU.Build.0 = Release|Any CPU
		{F1653F20-D47D-4F29-8C55-3C835542AF5F}.Release|Mixed Platforms.ActiveCfg = Release|x86
		{F1653F20-D47D-4F29-8C55-3C835542AF5F}.Release|Mixed Platforms.Build.0 = Release|x86
		{F1653F20-D47D-4F29-8C55-3C835542AF5F}.Release|x86.ActiveCfg = Release|x86
		{F1653F20-D47D-4F29-8C55-3C835542AF5F}.Release|x86.Build.0 = Release|x86
		{7BC68E61-C64C-488C-975F-1E2248383B80}.Debug|Any CPU.ActiveCfg = Debug|x86
		{7BC68E61-C64C-488C-975F-1E2248383B80}.Debug|Any CPU.Build.0 = Debug|x86
		{7BC68E61-C64C-488C-975F-1E2248383B80}.Debug|Mixed Platforms.ActiveCfg = Debug|x86
		{7BC68E61-C64C-488C-975F-1E2248383B80}.Debug|Mixed Platforms.Build.0 = Debug|x86
		{7BC68E61-C64C-488C-975F-1E2248383B80}.Debug|x86.ActiveCfg = Debug|x86
		{7BC68E61-C64C-488C-975F-1E2248383B80}.Debug|x86.Build.0 = Debug|x86
		{7BC68E61-C64C-488C-975F-1E2248383B80}.Release|Any CPU.ActiveCfg = Release|Any CPU
		{7BC68E61-C64C-488C-975F-1E2248383B80}.Release|Any CPU.Build.0 = Release|Any CPU
		{7BC68E61-C64C-488C-975F-1E2248383B80}.Release|Mixed Platforms.ActiveCfg = Release|x86
		{7BC68E61-C64C-488C-975F-1E2248383B80}.Release|Mixed Platforms.Build.0 = Release|x86
		{7BC68E61-C64C-488C-975F-1E2248383B80}.Release|x86.ActiveCfg = Release|x86
		{7BC68E61-C64C-488C-975F-1E2248383B80}.Release|x86.Build.0 = Release|x86
		{171F736D-E4BB-438A-9D56-6F8E238814C0}.Debug|Any CPU.ActiveCfg = Debug|Any CPU
		{171F736D-E4BB-438A-9D56-6F8E238814C0}.Debug|Any CPU.Build.0 = Debug|Any CPU
		{171F736D-E4BB-438A-9D56-6F8E238814C0}.Debug|Mixed Platforms.ActiveCfg = Debug|Any CPU
		{171F736D-E4BB-438A-9D56-6F8E238814C0}.Debug|Mixed Platforms.Build.0 = Debug|Any CPU
		{171F736D-E4BB-438A-9D56-6F8E238814C0}.Debug|x86.ActiveCfg = Debug|Any CPU
		{171F736D-E4BB-438A-9D56-6F8E238814C0}.Release|Any CPU.ActiveCfg = Release|Any CPU
		{171F736D-E4BB-438A-9D56-6F8E238814C0}.Release|Any CPU.Build.0 = Release|Any CPU
		{171F736D-E4BB-438A-9D56-6F8E238814C0}.Release|Mixed Platforms.ActiveCfg = Release|Any CPU
		{171F736D-E4BB-438A-9D56-6F8E238814C0}.Release|Mixed Platforms.Build.0 = Release|Any CPU
		{171F736D-E4BB-438A-9D56-6F8E238814C0}.Release|x86.ActiveCfg = Release|Any CPU
	EndGlobalSection
	GlobalSection(SolutionProperties) = preSolution
		HideSolutionNode = FALSE
	EndGlobalSection
	GlobalSection(NestedProjects) = preSolution
		{BBECE6FC-EF63-40F8-A734-A500D1DFC1AF} = {7FACEC52-9776-4719-A492-7E8A65C55B9E}
		{BCAD98EB-0C52-4186-B8B0-92AB47947796} = {7FACEC52-9776-4719-A492-7E8A65C55B9E}
		{674FDA29-11EB-43E2-B1AD-47A86585A9A8} = {7FACEC52-9776-4719-A492-7E8A65C55B9E}
		{8DA672AD-628D-45BC-A1FB-5AD9541397A1} = {7FACEC52-9776-4719-A492-7E8A65C55B9E}
		{F1653F20-D47D-4F29-8C55-3C835542AF5F} = {7FACEC52-9776-4719-A492-7E8A65C55B9E}
		{7BC68E61-C64C-488C-975F-1E2248383B80} = {7FACEC52-9776-4719-A492-7E8A65C55B9E}
		{171F736D-E4BB-438A-9D56-6F8E238814C0} = {7FACEC52-9776-4719-A492-7E8A65C55B9E}
		{24D27A79-E736-4935-8C43-EBCC195FAFD9} = {A7600899-6FC5-4C64-AB39-AA928AA31F9D}
	EndGlobalSection
EndGlobal
